
Microsoft Visual Studio Solution File, Format Version 12.00
# Visual Studio 15
VisualStudioVersion = 15.0.28307.421
MinimumVisualStudioVersion = 10.0.40219.1
Project("{FAE04EC0-301F-11D3-BF4B-00C04F79EFBC}") = "EuroData", "EuroData\EuroData.csproj", "{7F0973A8-BD34-477F-94A6-161C5CC2680C}"
EndProject
Global
	GlobalSection(SolutionConfigurationPlatforms) = preSolution
		Debug|Any CPU = Debug|Any CPU
		Release|Any CPU = Release|Any CPU
	EndGlobalSection
	GlobalSection(ProjectConfigurationPlatforms) = postSolution
		{7F0973A8-BD34-477F-94A6-161C5CC2680C}.Debug|Any CPU.ActiveCfg = Debug|Any CPU
		{7F0973A8-BD34-477F-94A6-161C5CC2680C}.Debug|Any CPU.Build.0 = Debug|Any CPU
		{7F0973A8-BD34-477F-94A6-161C5CC2680C}.Release|Any CPU.ActiveCfg = Release|Any CPU
		{7F0973A8-BD34-477F-94A6-161C5CC2680C}.Release|Any CPU.Build.0 = Release|Any CPU
	EndGlobalSection
	GlobalSection(SolutionProperties) = preSolution
		HideSolutionNode = FALSE
	EndGlobalSection
	GlobalSection(ExtensibilityGlobals) = postSolution
		SolutionGuid = {1F317638-056F-480B-BEF5-9240D55BD242}
	EndGlobalSection
EndGlobal
